// !$*UTF8*$!
{
	archiveVersion = 1;
	classes = {
	};
	objectVersion = 46;
	objects = {

/* Begin PBXBuildFile section */
		F85353F81A1A849C00621EAE /* AppDelegate.swift in Sources */ = {isa = PBXBuildFile; fileRef = F85353F71A1A849C00621EAE /* AppDelegate.swift */; };
		F85353FB1A1A849C00621EAE /* TAB_Parsing.xcdatamodeld in Sources */ = {isa = PBXBuildFile; fileRef = F85353F91A1A849C00621EAE /* TAB_Parsing.xcdatamodeld */; };
		F85353FD1A1A849C00621EAE /* ViewController.swift in Sources */ = {isa = PBXBuildFile; fileRef = F85353FC1A1A849C00621EAE /* ViewController.swift */; };
		F85354001A1A849C00621EAE /* Main.storyboard in Resources */ = {isa = PBXBuildFile; fileRef = F85353FE1A1A849C00621EAE /* Main.storyboard */; };
		F85354021A1A849C00621EAE /* Images.xcassets in Resources */ = {isa = PBXBuildFile; fileRef = F85354011A1A849C00621EAE /* Images.xcassets */; };
		F85354051A1A849C00621EAE /* LaunchScreen.xib in Resources */ = {isa = PBXBuildFile; fileRef = F85354031A1A849C00621EAE /* LaunchScreen.xib */; };
		F85354111A1A849C00621EAE /* TAB_ParsingTests.swift in Sources */ = {isa = PBXBuildFile; fileRef = F85354101A1A849C00621EAE /* TAB_ParsingTests.swift */; };
		F85421761A1A8A2500B0AF0F /* TFHpple.m in Sources */ = {isa = PBXBuildFile; fileRef = F85421711A1A8A2500B0AF0F /* TFHpple.m */; };
		F85421771A1A8A2500B0AF0F /* TFHppleElement.m in Sources */ = {isa = PBXBuildFile; fileRef = F85421731A1A8A2500B0AF0F /* TFHppleElement.m */; };
		F85421781A1A8A2500B0AF0F /* XPathQuery.m in Sources */ = {isa = PBXBuildFile; fileRef = F85421751A1A8A2500B0AF0F /* XPathQuery.m */; };
		F854217B1A1A8B0B00B0AF0F /* libxml2.dylib in Frameworks */ = {isa = PBXBuildFile; fileRef = F854217A1A1A8B0B00B0AF0F /* libxml2.dylib */; };
		F854217D1A1A8B7300B0AF0F /* Team Memeber.swift in Sources */ = {isa = PBXBuildFile; fileRef = F854217C1A1A8B7300B0AF0F /* Team Memeber.swift */; };
		F854217F1A1A8CBF00B0AF0F /* UIKit.framework in Frameworks */ = {isa = PBXBuildFile; fileRef = F854217E1A1A8CBF00B0AF0F /* UIKit.framework */; };
/* End PBXBuildFile section */

/* Begin PBXContainerItemProxy section */
		F853540B1A1A849C00621EAE /* PBXContainerItemProxy */ = {
			isa = PBXContainerItemProxy;
			containerPortal = F85353EA1A1A849C00621EAE /* Project object */;
			proxyType = 1;
			remoteGlobalIDString = F85353F11A1A849C00621EAE;
			remoteInfo = "TAB-Parsing";
		};
/* End PBXContainerItemProxy section */

/* Begin PBXFileReference section */
		F85353F21A1A849C00621EAE /* TAB-Parsing.app */ = {isa = PBXFileReference; explicitFileType = wrapper.application; includeInIndex = 0; path = "TAB-Parsing.app"; sourceTree = BUILT_PRODUCTS_DIR; };
		F85353F61A1A849C00621EAE /* Info.plist */ = {isa = PBXFileReference; lastKnownFileType = text.plist.xml; path = Info.plist; sourceTree = "<group>"; };
		F85353F71A1A849C00621EAE /* AppDelegate.swift */ = {isa = PBXFileReference; lastKnownFileType = sourcecode.swift; path = AppDelegate.swift; sourceTree = "<group>"; };
		F85353FA1A1A849C00621EAE /* TAB_Parsing.xcdatamodel */ = {isa = PBXFileReference; lastKnownFileType = wrapper.xcdatamodel; path = TAB_Parsing.xcdatamodel; sourceTree = "<group>"; };
		F85353FC1A1A849C00621EAE /* ViewController.swift */ = {isa = PBXFileReference; lastKnownFileType = sourcecode.swift; path = ViewController.swift; sourceTree = "<group>"; };
		F85353FF1A1A849C00621EAE /* Base */ = {isa = PBXFileReference; lastKnownFileType = file.storyboard; name = Base; path = Base.lproj/Main.storyboard; sourceTree = "<group>"; };
		F85354011A1A849C00621EAE /* Images.xcassets */ = {isa = PBXFileReference; lastKnownFileType = folder.assetcatalog; path = Images.xcassets; sourceTree = "<group>"; };
		F85354041A1A849C00621EAE /* Base */ = {isa = PBXFileReference; lastKnownFileType = file.xib; name = Base; path = Base.lproj/LaunchScreen.xib; sourceTree = "<group>"; };
		F853540A1A1A849C00621EAE /* TAB-ParsingTests.xctest */ = {isa = PBXFileReference; explicitFileType = wrapper.cfbundle; includeInIndex = 0; path = "TAB-ParsingTests.xctest"; sourceTree = BUILT_PRODUCTS_DIR; };
		F853540F1A1A849C00621EAE /* Info.plist */ = {isa = PBXFileReference; lastKnownFileType = text.plist.xml; path = Info.plist; sourceTree = "<group>"; };
		F85354101A1A849C00621EAE /* TAB_ParsingTests.swift */ = {isa = PBXFileReference; lastKnownFileType = sourcecode.swift; path = TAB_ParsingTests.swift; sourceTree = "<group>"; };
		F854216F1A1A8A2400B0AF0F /* TAB-Parsing-Bridging-Header.h */ = {isa = PBXFileReference; lastKnownFileType = sourcecode.c.h; path = "TAB-Parsing-Bridging-Header.h"; sourceTree = "<group>"; };
		F85421701A1A8A2500B0AF0F /* TFHpple.h */ = {isa = PBXFileReference; fileEncoding = 4; lastKnownFileType = sourcecode.c.h; path = TFHpple.h; sourceTree = "<group>"; };
		F85421711A1A8A2500B0AF0F /* TFHpple.m */ = {isa = PBXFileReference; fileEncoding = 4; lastKnownFileType = sourcecode.c.objc; path = TFHpple.m; sourceTree = "<group>"; };
		F85421721A1A8A2500B0AF0F /* TFHppleElement.h */ = {isa = PBXFileReference; fileEncoding = 4; lastKnownFileType = sourcecode.c.h; path = TFHppleElement.h; sourceTree = "<group>"; };
		F85421731A1A8A2500B0AF0F /* TFHppleElement.m */ = {isa = PBXFileReference; fileEncoding = 4; lastKnownFileType = sourcecode.c.objc; path = TFHppleElement.m; sourceTree = "<group>"; };
		F85421741A1A8A2500B0AF0F /* XPathQuery.h */ = {isa = PBXFileReference; fileEncoding = 4; lastKnownFileType = sourcecode.c.h; path = XPathQuery.h; sourceTree = "<group>"; };
		F85421751A1A8A2500B0AF0F /* XPathQuery.m */ = {isa = PBXFileReference; fileEncoding = 4; lastKnownFileType = sourcecode.c.objc; path = XPathQuery.m; sourceTree = "<group>"; };
		F854217A1A1A8B0B00B0AF0F /* libxml2.dylib */ = {isa = PBXFileReference; lastKnownFileType = "compiled.mach-o.dylib"; name = libxml2.dylib; path = usr/lib/libxml2.dylib; sourceTree = SDKROOT; };
		F854217C1A1A8B7300B0AF0F /* Team Memeber.swift */ = {isa = PBXFileReference; fileEncoding = 4; lastKnownFileType = sourcecode.swift; path = "Team Memeber.swift"; sourceTree = "<group>"; };
		F854217E1A1A8CBF00B0AF0F /* UIKit.framework */ = {isa = PBXFileReference; lastKnownFileType = wrapper.framework; name = UIKit.framework; path = System/Library/Frameworks/UIKit.framework; sourceTree = SDKROOT; };
/* End PBXFileReference section */

/* Begin PBXFrameworksBuildPhase section */
		F85353EF1A1A849C00621EAE /* Frameworks */ = {
			isa = PBXFrameworksBuildPhase;
			buildActionMask = 2147483647;
			files = (
				F854217F1A1A8CBF00B0AF0F /* UIKit.framework in Frameworks */,
				F854217B1A1A8B0B00B0AF0F /* libxml2.dylib in Frameworks */,
			);
			runOnlyForDeploymentPostprocessing = 0;
		};
		F85354071A1A849C00621EAE /* Frameworks */ = {
			isa = PBXFrameworksBuildPhase;
			buildActionMask = 2147483647;
			files = (
			);
			runOnlyForDeploymentPostprocessing = 0;
		};
/* End PBXFrameworksBuildPhase section */

/* Begin PBXGroup section */
		F85353E91A1A849C00621EAE = {
			isa = PBXGroup;
			children = (
				F854217E1A1A8CBF00B0AF0F /* UIKit.framework */,
				F854217A1A1A8B0B00B0AF0F /* libxml2.dylib */,
				F85353F41A1A849C00621EAE /* TAB-Parsing */,
				F853540D1A1A849C00621EAE /* TAB-ParsingTests */,
				F85353F31A1A849C00621EAE /* Products */,
			);
			sourceTree = "<group>";
		};
		F85353F31A1A849C00621EAE /* Products */ = {
			isa = PBXGroup;
			children = (
				F85353F21A1A849C00621EAE /* TAB-Parsing.app */,
				F853540A1A1A849C00621EAE /* TAB-ParsingTests.xctest */,
			);
			name = Products;
			sourceTree = "<group>";
		};
		F85353F41A1A849C00621EAE /* TAB-Parsing */ = {
			isa = PBXGroup;
			children = (
				F85353F71A1A849C00621EAE /* AppDelegate.swift */,
				F85353FC1A1A849C00621EAE /* ViewController.swift */,
				F854217C1A1A8B7300B0AF0F /* Team Memeber.swift */,
				F85353FE1A1A849C00621EAE /* Main.storyboard */,
				F85354011A1A849C00621EAE /* Images.xcassets */,
				F85354031A1A849C00621EAE /* LaunchScreen.xib */,
				F85353F91A1A849C00621EAE /* TAB_Parsing.xcdatamodeld */,
				F854216F1A1A8A2400B0AF0F /* TAB-Parsing-Bridging-Header.h */,
				F85421791A1A8A2E00B0AF0F /* Hpple */,
				F85353F51A1A849C00621EAE /* Supporting Files */,
			);
			path = "TAB-Parsing";
			sourceTree = "<group>";
		};
		F85353F51A1A849C00621EAE /* Supporting Files */ = {
			isa = PBXGroup;
			children = (
				F85353F61A1A849C00621EAE /* Info.plist */,
			);
			name = "Supporting Files";
			sourceTree = "<group>";
		};
		F853540D1A1A849C00621EAE /* TAB-ParsingTests */ = {
			isa = PBXGroup;
			children = (
				F85354101A1A849C00621EAE /* TAB_ParsingTests.swift */,
				F853540E1A1A849C00621EAE /* Supporting Files */,
			);
			path = "TAB-ParsingTests";
			sourceTree = "<group>";
		};
		F853540E1A1A849C00621EAE /* Supporting Files */ = {
			isa = PBXGroup;
			children = (
				F853540F1A1A849C00621EAE /* Info.plist */,
			);
			name = "Supporting Files";
			sourceTree = "<group>";
		};
		F85421791A1A8A2E00B0AF0F /* Hpple */ = {
			isa = PBXGroup;
			children = (
				F85421701A1A8A2500B0AF0F /* TFHpple.h */,
				F85421711A1A8A2500B0AF0F /* TFHpple.m */,
				F85421721A1A8A2500B0AF0F /* TFHppleElement.h */,
				F85421731A1A8A2500B0AF0F /* TFHppleElement.m */,
				F85421741A1A8A2500B0AF0F /* XPathQuery.h */,
				F85421751A1A8A2500B0AF0F /* XPathQuery.m */,
			);
			name = Hpple;
			sourceTree = "<group>";
		};
/* End PBXGroup section */

/* Begin PBXNativeTarget section */
		F85353F11A1A849C00621EAE /* TAB-Parsing */ = {
			isa = PBXNativeTarget;
			buildConfigurationList = F85354141A1A849C00621EAE /* Build configuration list for PBXNativeTarget "TAB-Parsing" */;
			buildPhases = (
				F85353EE1A1A849C00621EAE /* Sources */,
				F85353EF1A1A849C00621EAE /* Frameworks */,
				F85353F01A1A849C00621EAE /* Resources */,
			);
			buildRules = (
			);
			dependencies = (
			);
			name = "TAB-Parsing";
			productName = "TAB-Parsing";
			productReference = F85353F21A1A849C00621EAE /* TAB-Parsing.app */;
			productType = "com.apple.product-type.application";
		};
		F85354091A1A849C00621EAE /* TAB-ParsingTests */ = {
			isa = PBXNativeTarget;
			buildConfigurationList = F85354171A1A849C00621EAE /* Build configuration list for PBXNativeTarget "TAB-ParsingTests" */;
			buildPhases = (
				F85354061A1A849C00621EAE /* Sources */,
				F85354071A1A849C00621EAE /* Frameworks */,
				F85354081A1A849C00621EAE /* Resources */,
			);
			buildRules = (
			);
			dependencies = (
				F853540C1A1A849C00621EAE /* PBXTargetDependency */,
			);
			name = "TAB-ParsingTests";
			productName = "TAB-ParsingTests";
			productReference = F853540A1A1A849C00621EAE /* TAB-ParsingTests.xctest */;
			productType = "com.apple.product-type.bundle.unit-test";
		};
/* End PBXNativeTarget section */

/* Begin PBXProject section */
		F85353EA1A1A849C00621EAE /* Project object */ = {
			isa = PBXProject;
			attributes = {
				LastUpgradeCheck = 0610;
				ORGANIZATIONNAME = "Richard Szczerba";
				TargetAttributes = {
					F85353F11A1A849C00621EAE = {
						CreatedOnToolsVersion = 6.1;
					};
					F85354091A1A849C00621EAE = {
						CreatedOnToolsVersion = 6.1;
						TestTargetID = F85353F11A1A849C00621EAE;
					};
				};
			};
			buildConfigurationList = F85353ED1A1A849C00621EAE /* Build configuration list for PBXProject "TAB-Parsing" */;
			compatibilityVersion = "Xcode 3.2";
			developmentRegion = English;
			hasScannedForEncodings = 0;
			knownRegions = (
				en,
				Base,
			);
			mainGroup = F85353E91A1A849C00621EAE;
			productRefGroup = F85353F31A1A849C00621EAE /* Products */;
			projectDirPath = "";
			projectRoot = "";
			targets = (
				F85353F11A1A849C00621EAE /* TAB-Parsing */,
				F85354091A1A849C00621EAE /* TAB-ParsingTests */,
			);
		};
/* End PBXProject section */

/* Begin PBXResourcesBuildPhase section */
		F85353F01A1A849C00621EAE /* Resources */ = {
			isa = PBXResourcesBuildPhase;
			buildActionMask = 2147483647;
			files = (
				F85354001A1A849C00621EAE /* Main.storyboard in Resources */,
				F85354051A1A849C00621EAE /* LaunchScreen.xib in Resources */,
				F85354021A1A849C00621EAE /* Images.xcassets in Resources */,
			);
			runOnlyForDeploymentPostprocessing = 0;
		};
		F85354081A1A849C00621EAE /* Resources */ = {
			isa = PBXResourcesBuildPhase;
			buildActionMask = 2147483647;
			files = (
			);
			runOnlyForDeploymentPostprocessing = 0;
		};
/* End PBXResourcesBuildPhase section */

/* Begin PBXSourcesBuildPhase section */
		F85353EE1A1A849C00621EAE /* Sources */ = {
			isa = PBXSourcesBuildPhase;
			buildActionMask = 2147483647;
			files = (
				F85353FD1A1A849C00621EAE /* ViewController.swift in Sources */,
				F85353FB1A1A849C00621EAE /* TAB_Parsing.xcdatamodeld in Sources */,
				F85353F81A1A849C00621EAE /* AppDelegate.swift in Sources */,
				F85421761A1A8A2500B0AF0F /* TFHpple.m in Sources */,
				F85421781A1A8A2500B0AF0F /* XPathQuery.m in Sources */,
				F85421771A1A8A2500B0AF0F /* TFHppleElement.m in Sources */,
				F854217D1A1A8B7300B0AF0F /* Team Memeber.swift in Sources */,
			);
			runOnlyForDeploymentPostprocessing = 0;
		};
		F85354061A1A849C00621EAE /* Sources */ = {
			isa = PBXSourcesBuildPhase;
			buildActionMask = 2147483647;
			files = (
				F85354111A1A849C00621EAE /* TAB_ParsingTests.swift in Sources */,
			);
			runOnlyForDeploymentPostprocessing = 0;
		};
/* End PBXSourcesBuildPhase section */

/* Begin PBXTargetDependency section */
		F853540C1A1A849C00621EAE /* PBXTargetDependency */ = {
			isa = PBXTargetDependency;
			target = F85353F11A1A849C00621EAE /* TAB-Parsing */;
			targetProxy = F853540B1A1A849C00621EAE /* PBXContainerItemProxy */;
		};
/* End PBXTargetDependency section */

/* Begin PBXVariantGroup section */
		F85353FE1A1A849C00621EAE /* Main.storyboard */ = {
			isa = PBXVariantGroup;
			children = (
				F85353FF1A1A849C00621EAE /* Base */,
			);
			name = Main.storyboard;
			sourceTree = "<group>";
		};
		F85354031A1A849C00621EAE /* LaunchScreen.xib */ = {
			isa = PBXVariantGroup;
			children = (
				F85354041A1A849C00621EAE /* Base */,
			);
			name = LaunchScreen.xib;
			sourceTree = "<group>";
		};
/* End PBXVariantGroup section */

/* Begin XCBuildConfiguration section */
		F85354121A1A849C00621EAE /* Debug */ = {
			isa = XCBuildConfiguration;
			buildSettings = {
				ALWAYS_SEARCH_USER_PATHS = NO;
				CLANG_CXX_LANGUAGE_STANDARD = "gnu++0x";
				CLANG_CXX_LIBRARY = "libc++";
				CLANG_ENABLE_MODULES = YES;
				CLANG_ENABLE_OBJC_ARC = YES;
				CLANG_WARN_BOOL_CONVERSION = YES;
				CLANG_WARN_CONSTANT_CONVERSION = YES;
				CLANG_WARN_DIRECT_OBJC_ISA_USAGE = YES_ERROR;
				CLANG_WARN_EMPTY_BODY = YES;
				CLANG_WARN_ENUM_CONVERSION = YES;
				CLANG_WARN_INT_CONVERSION = YES;
				CLANG_WARN_OBJC_ROOT_CLASS = YES_ERROR;
				CLANG_WARN_UNREACHABLE_CODE = YES;
				CLANG_WARN__DUPLICATE_METHOD_MATCH = YES;
				"CODE_SIGN_IDENTITY[sdk=iphoneos*]" = "iPhone Developer";
				COPY_PHASE_STRIP = NO;
				ENABLE_STRICT_OBJC_MSGSEND = YES;
				GCC_C_LANGUAGE_STANDARD = gnu99;
				GCC_DYNAMIC_NO_PIC = NO;
				GCC_OPTIMIZATION_LEVEL = 0;
				GCC_PREPROCESSOR_DEFINITIONS = (
					"DEBUG=1",
					"$(inherited)",
				);
				GCC_SYMBOLS_PRIVATE_EXTERN = NO;
				GCC_WARN_64_TO_32_BIT_CONVERSION = YES;
				GCC_WARN_ABOUT_RETURN_TYPE = YES_ERROR;
				GCC_WARN_UNDECLARED_SELECTOR = YES;
				GCC_WARN_UNINITIALIZED_AUTOS = YES_AGGRESSIVE;
				GCC_WARN_UNUSED_FUNCTION = YES;
				GCC_WARN_UNUSED_VARIABLE = YES;
				HEADER_SEARCH_PATHS = (
					"$(inherited)",
					"$(SDKROOT)/usr/include/libxml2",
				);
				IPHONEOS_DEPLOYMENT_TARGET = 8.1;
				MTL_ENABLE_DEBUG_INFO = YES;
				ONLY_ACTIVE_ARCH = YES;
				SDKROOT = iphoneos;
				SWIFT_OPTIMIZATION_LEVEL = "-Onone";
			};
			name = Debug;
		};
		F85354131A1A849C00621EAE /* Release */ = {
			isa = XCBuildConfiguration;
			buildSettings = {
				ALWAYS_SEARCH_USER_PATHS = NO;
				CLANG_CXX_LANGUAGE_STANDARD = "gnu++0x";
				CLANG_CXX_LIBRARY = "libc++";
				CLANG_ENABLE_MODULES = YES;
				CLANG_ENABLE_OBJC_ARC = YES;
				CLANG_WARN_BOOL_CONVERSION = YES;
				CLANG_WARN_CONSTANT_CONVERSION = YES;
				CLANG_WARN_DIRECT_OBJC_ISA_USAGE = YES_ERROR;
				CLANG_WARN_EMPTY_BODY = YES;
				CLANG_WARN_ENUM_CONVERSION = YES;
				CLANG_WARN_INT_CONVERSION = YES;
				CLANG_WARN_OBJC_ROOT_CLASS = YES_ERROR;
				CLANG_WARN_UNREACHABLE_CODE = YES;
				CLANG_WARN__DUPLICATE_METHOD_MATCH = YES;
				"CODE_SIGN_IDENTITY[sdk=iphoneos*]" = "iPhone Developer";
				COPY_PHASE_STRIP = YES;
				ENABLE_NS_ASSERTIONS = NO;
				ENABLE_STRICT_OBJC_MSGSEND = YES;
				GCC_C_LANGUAGE_STANDARD = gnu99;
				GCC_WARN_64_TO_32_BIT_CONVERSION = YES;
				GCC_WARN_ABOUT_RETURN_TYPE = YES_ERROR;
				GCC_WARN_UNDECLARED_SELECTOR = YES;
				GCC_WARN_UNINITIALIZED_AUTOS = YES_AGGRESSIVE;
				GCC_WARN_UNUSED_FUNCTION = YES;
				GCC_WARN_UNUSED_VARIABLE = YES;
				HEADER_SEARCH_PATHS = (
					"$(inherited)",
					"$(SDKROOT)/usr/include/libxml2",
				);
				IPHONEOS_DEPLOYMENT_TARGET = 8.1;
				MTL_ENABLE_DEBUG_INFO = NO;
				SDKROOT = iphoneos;
				VALIDATE_PRODUCT = YES;
			};
			name = Release;
		};
		F85354151A1A849C00621EAE /* Debug */ = {
			isa = XCBuildConfiguration;
			buildSettings = {
				ASSETCATALOG_COMPILER_APPICON_NAME = AppIcon;
				CLANG_ENABLE_MODULES = YES;
				INFOPLIST_FILE = "TAB-Parsing/Info.plist";
				LD_RUNPATH_SEARCH_PATHS = "$(inherited) @executable_path/Frameworks";
				PRODUCT_NAME = "$(TARGET_NAME)";
				SWIFT_OBJC_BRIDGING_HEADER = "TAB-Parsing/TAB-Parsing-Bridging-Header.h";
				SWIFT_OPTIMIZATION_LEVEL = "-Onone";
			};
			name = Debug;
		};
		F85354161A1A849C00621EAE /* Release */ = {
			isa = XCBuildConfiguration;
			buildSettings = {
				ASSETCATALOG_COMPILER_APPICON_NAME = AppIcon;
				CLANG_ENABLE_MODULES = YES;
				INFOPLIST_FILE = "TAB-Parsing/Info.plist";
				LD_RUNPATH_SEARCH_PATHS = "$(inherited) @executable_path/Frameworks";
				PRODUCT_NAME = "$(TARGET_NAME)";
				SWIFT_OBJC_BRIDGING_HEADER = "TAB-Parsing/TAB-Parsing-Bridging-Header.h";
			};
			name = Release;
		};
		F85354181A1A849C00621EAE /* Debug */ = {
			isa = XCBuildConfiguration;
			buildSettings = {
				BUNDLE_LOADER = "$(TEST_HOST)";
				FRAMEWORK_SEARCH_PATHS = (
					"$(SDKROOT)/Developer/Library/Frameworks",
					"$(inherited)",
				);
				GCC_PREPROCESSOR_DEFINITIONS = (
					"DEBUG=1",
					"$(inherited)",
				);
				INFOPLIST_FILE = "TAB-ParsingTests/Info.plist";
				LD_RUNPATH_SEARCH_PATHS = "$(inherited) @executable_path/Frameworks @loader_path/Frameworks";
				PRODUCT_NAME = "$(TARGET_NAME)";
				TEST_HOST = "$(BUILT_PRODUCTS_DIR)/TAB-Parsing.app/TAB-Parsing";
			};
			name = Debug;
		};
		F85354191A1A849C00621EAE /* Release */ = {
			isa = XCBuildConfiguration;
			buildSettings = {
				BUNDLE_LOADER = "$(TEST_HOST)";
				FRAMEWORK_SEARCH_PATHS = (
					"$(SDKROOT)/Developer/Library/Frameworks",
					"$(inherited)",
				);
				INFOPLIST_FILE = "TAB-ParsingTests/Info.plist";
				LD_RUNPATH_SEARCH_PATHS = "$(inherited) @executable_path/Frameworks @loader_path/Frameworks";
				PRODUCT_NAME = "$(TARGET_NAME)";
				TEST_HOST = "$(BUILT_PRODUCTS_DIR)/TAB-Parsing.app/TAB-Parsing";
			};
			name = Release;
		};
/* End XCBuildConfiguration section */

/* Begin XCConfigurationList section */
		F85353ED1A1A849C00621EAE /* Build configuration list for PBXProject "TAB-Parsing" */ = {
			isa = XCConfigurationList;
			buildConfigurations = (
				F85354121A1A849C00621EAE /* Debug */,
				F85354131A1A849C00621EAE /* Release */,
			);
			defaultConfigurationIsVisible = 0;
			defaultConfigurationName = Release;
		};
		F85354141A1A849C00621EAE /* Build configuration list for PBXNativeTarget "TAB-Parsing" */ = {
			isa = XCConfigurationList;
			buildConfigurations = (
				F85354151A1A849C00621EAE /* Debug */,
				F85354161A1A849C00621EAE /* Release */,
			);
			defaultConfigurationIsVisible = 0;
			defaultConfigurationName = Release;
		};
		F85354171A1A849C00621EAE /* Build configuration list for PBXNativeTarget "TAB-ParsingTests" */ = {
			isa = XCConfigurationList;
			buildConfigurations = (
				F85354181A1A849C00621EAE /* Debug */,
				F85354191A1A849C00621EAE /* Release */,
			);
			defaultConfigurationIsVisible = 0;
			defaultConfigurationName = Release;
		};
/* End XCConfigurationList section */

/* Begin XCVersionGroup section */
		F85353F91A1A849C00621EAE /* TAB_Parsing.xcdatamodeld */ = {
			isa = XCVersionGroup;
			children = (
				F85353FA1A1A849C00621EAE /* TAB_Parsing.xcdatamodel */,
			);
			currentVersion = F85353FA1A1A849C00621EAE /* TAB_Parsing.xcdatamodel */;
			path = TAB_Parsing.xcdatamodeld;
			sourceTree = "<group>";
			versionGroupType = wrapper.xcdatamodel;
		};
/* End XCVersionGroup section */
	};
	rootObject = F85353EA1A1A849C00621EAE /* Project object */;
}
